
Microsoft Visual Studio Solution File, Format Version 12.00
# Visual Studio Version 16
VisualStudioVersion = 16.0.30503.244
MinimumVisualStudioVersion = 10.0.40219.1
Project("{8BC9CEB8-8B4A-11D0-8D11-00A0C91BC942}") = "C++console", "C++console\C++console.vcxproj", "{8D91EE95-684F-49EB-931F-52D125776509}"
EndProject
Global
	GlobalSection(SolutionConfigurationPlatforms) = preSolution
		Debug|x64 = Debug|x64
		Debug|x86 = Debug|x86
		Release|x64 = Release|x64
		Release|x86 = Release|x86
	EndGlobalSection
	GlobalSection(ProjectConfigurationPlatforms) = postSolution
		{8D91EE95-684F-49EB-931F-52D125776509}.Debug|x64.ActiveCfg = Debug|x64
		{8D91EE95-684F-49EB-931F-52D125776509}.Debug|x64.Build.0 = Debug|x64
		{8D91EE95-684F-49EB-931F-52D125776509}.Debug|x86.ActiveCfg = Debug|Win32
		{8D91EE95-684F-49EB-931F-52D125776509}.Debug|x86.Build.0 = Debug|Win32
		{8D91EE95-684F-49EB-931F-52D125776509}.Release|x64.ActiveCfg = Release|x64
		{8D91EE95-684F-49EB-931F-52D125776509}.Release|x64.Build.0 = Release|x64
		{8D91EE95-684F-49EB-931F-52D125776509}.Release|x86.ActiveCfg = Release|Win32
		{8D91EE95-684F-49EB-931F-52D125776509}.Release|x86.Build.0 = Release|Win32
	EndGlobalSection
	GlobalSection(SolutionProperties) = preSolution
		HideSolutionNode = FALSE
	EndGlobalSection
	GlobalSection(ExtensibilityGlobals) = postSolution
		SolutionGuid = {05663EA3-B03C-4068-BE6A-76BCE6E8CC8D}
	EndGlobalSection
EndGlobal
